
Microsoft Visual Studio Solution File, Format Version 12.00
# Visual Studio Version 17
VisualStudioVersion = 17.2.32516.85
MinimumVisualStudioVersion = 10.0.40219.1
Project("{9A19103F-16F7-4668-BE54-9A1E7A4F7556}") = "StageIt", "StageIt\StageIt.csproj", "{A18ACCF9-4A79-4FCE-B30A-FEDECD82CB15}"
EndProject
Project("{FAE04EC0-301F-11D3-BF4B-00C04F79EFBC}") = "StageIt.Tests", "StageIt.Tests\StageIt.Tests.csproj", "{ACF2F682-2008-44A1-B4D6-F887EACEA152}"
EndProject
Global
	GlobalSection(SolutionConfigurationPlatforms) = preSolution
		Debug|Any CPU = Debug|Any CPU
		Release|Any CPU = Release|Any CPU
	EndGlobalSection
	GlobalSection(ProjectConfigurationPlatforms) = postSolution
		{A18ACCF9-4A79-4FCE-B30A-FEDECD82CB15}.Debug|Any CPU.ActiveCfg = Debug|Any CPU
		{A18ACCF9-4A79-4FCE-B30A-FEDECD82CB15}.Debug|Any CPU.Build.0 = Debug|Any CPU
		{A18ACCF9-4A79-4FCE-B30A-FEDECD82CB15}.Release|Any CPU.ActiveCfg = Release|Any CPU
		{A18ACCF9-4A79-4FCE-B30A-FEDECD82CB15}.Release|Any CPU.Build.0 = Release|Any CPU
		{ACF2F682-2008-44A1-B4D6-F887EACEA152}.Debug|Any CPU.ActiveCfg = Debug|Any CPU
		{ACF2F682-2008-44A1-B4D6-F887EACEA152}.Debug|Any CPU.Build.0 = Debug|Any CPU
		{ACF2F682-2008-44A1-B4D6-F887EACEA152}.Release|Any CPU.ActiveCfg = Release|Any CPU
		{ACF2F682-2008-44A1-B4D6-F887EACEA152}.Release|Any CPU.Build.0 = Release|Any CPU
	EndGlobalSection
	GlobalSection(SolutionProperties) = preSolution
		HideSolutionNode = FALSE
	EndGlobalSection
	GlobalSection(ExtensibilityGlobals) = postSolution
		SolutionGuid = {60B0D059-D5EE-4B55-A21E-C6479BA74354}
	EndGlobalSection
EndGlobal
